// !$*UTF8*$!
{
	archiveVersion = 1;
	classes = {
	};
	objectVersion = 55;
	objects = {

/* Begin PBXBuildFile section */
		8306190727D4E6A4002EBDC4 /* ConversationsListViewController.swift in Sources */ = {isa = PBXBuildFile; fileRef = 8306190627D4E6A4002EBDC4 /* ConversationsListViewController.swift */; };
		8306190A27D4E883002EBDC4 /* ConversationTableViewCell.swift in Sources */ = {isa = PBXBuildFile; fileRef = 8306190927D4E883002EBDC4 /* ConversationTableViewCell.swift */; };
		8306190D27D6148C002EBDC4 /* Model.swift in Sources */ = {isa = PBXBuildFile; fileRef = 8306190C27D6148C002EBDC4 /* Model.swift */; };
		8306191227D66807002EBDC4 /* ConversationViewController.swift in Sources */ = {isa = PBXBuildFile; fileRef = 8306191127D66807002EBDC4 /* ConversationViewController.swift */; };
		8316D19627DE089500CBB75D /* ThemesViewController.swift in Sources */ = {isa = PBXBuildFile; fileRef = 8316D19527DE089500CBB75D /* ThemesViewController.swift */; };
		8352DD0527DF482C002A05A8 /* ThemeTableViewCell.swift in Sources */ = {isa = PBXBuildFile; fileRef = 8352DD0427DF482C002A05A8 /* ThemeTableViewCell.swift */; };
		835CFA0627BF8825004B6BD6 /* AppDelegate.swift in Sources */ = {isa = PBXBuildFile; fileRef = 835CFA0527BF8825004B6BD6 /* AppDelegate.swift */; };
		835CFA0A27BF8825004B6BD6 /* ProfileViewController.swift in Sources */ = {isa = PBXBuildFile; fileRef = 835CFA0927BF8825004B6BD6 /* ProfileViewController.swift */; };
		835CFA0F27BF8827004B6BD6 /* Assets.xcassets in Resources */ = {isa = PBXBuildFile; fileRef = 835CFA0E27BF8827004B6BD6 /* Assets.xcassets */; };
		835CFA1227BF8827004B6BD6 /* LaunchScreen.storyboard in Resources */ = {isa = PBXBuildFile; fileRef = 835CFA1027BF8827004B6BD6 /* LaunchScreen.storyboard */; };
		83FDCF1727D8E66600F2E410 /* RightTableViewCell.swift in Sources */ = {isa = PBXBuildFile; fileRef = 83FDCF1627D8E66600F2E410 /* RightTableViewCell.swift */; };
		83FDCF1927D8E67600F2E410 /* LeftTableViewCell.swift in Sources */ = {isa = PBXBuildFile; fileRef = 83FDCF1827D8E67600F2E410 /* LeftTableViewCell.swift */; };
/* End PBXBuildFile section */

/* Begin PBXFileReference section */
		8306190627D4E6A4002EBDC4 /* ConversationsListViewController.swift */ = {isa = PBXFileReference; lastKnownFileType = sourcecode.swift; path = ConversationsListViewController.swift; sourceTree = "<group>"; };
		8306190927D4E883002EBDC4 /* ConversationTableViewCell.swift */ = {isa = PBXFileReference; lastKnownFileType = sourcecode.swift; path = ConversationTableViewCell.swift; sourceTree = "<group>"; };
		8306190C27D6148C002EBDC4 /* Model.swift */ = {isa = PBXFileReference; lastKnownFileType = sourcecode.swift; path = Model.swift; sourceTree = "<group>"; };
		8306191127D66807002EBDC4 /* ConversationViewController.swift */ = {isa = PBXFileReference; lastKnownFileType = sourcecode.swift; path = ConversationViewController.swift; sourceTree = "<group>"; };
		8316D19527DE089500CBB75D /* ThemesViewController.swift */ = {isa = PBXFileReference; lastKnownFileType = sourcecode.swift; path = ThemesViewController.swift; sourceTree = "<group>"; };
		8352DD0427DF482C002A05A8 /* ThemeTableViewCell.swift */ = {isa = PBXFileReference; lastKnownFileType = sourcecode.swift; path = ThemeTableViewCell.swift; sourceTree = "<group>"; };
		835CFA0227BF8825004B6BD6 /* ChatAppHussyR.app */ = {isa = PBXFileReference; explicitFileType = wrapper.application; includeInIndex = 0; path = ChatAppHussyR.app; sourceTree = BUILT_PRODUCTS_DIR; };
		835CFA0527BF8825004B6BD6 /* AppDelegate.swift */ = {isa = PBXFileReference; lastKnownFileType = sourcecode.swift; path = AppDelegate.swift; sourceTree = "<group>"; };
		835CFA0927BF8825004B6BD6 /* ProfileViewController.swift */ = {isa = PBXFileReference; lastKnownFileType = sourcecode.swift; path = ProfileViewController.swift; sourceTree = "<group>"; };
		835CFA0E27BF8827004B6BD6 /* Assets.xcassets */ = {isa = PBXFileReference; lastKnownFileType = folder.assetcatalog; path = Assets.xcassets; sourceTree = "<group>"; };
		835CFA1127BF8827004B6BD6 /* Base */ = {isa = PBXFileReference; lastKnownFileType = file.storyboard; name = Base; path = Base.lproj/LaunchScreen.storyboard; sourceTree = "<group>"; };
		835CFA1327BF8827004B6BD6 /* Info.plist */ = {isa = PBXFileReference; lastKnownFileType = text.plist.xml; path = Info.plist; sourceTree = "<group>"; };
		83FDCF1627D8E66600F2E410 /* RightTableViewCell.swift */ = {isa = PBXFileReference; lastKnownFileType = sourcecode.swift; path = RightTableViewCell.swift; sourceTree = "<group>"; };
		83FDCF1827D8E67600F2E410 /* LeftTableViewCell.swift */ = {isa = PBXFileReference; lastKnownFileType = sourcecode.swift; path = LeftTableViewCell.swift; sourceTree = "<group>"; };
/* End PBXFileReference section */

/* Begin PBXFrameworksBuildPhase section */
		835CF9FF27BF8825004B6BD6 /* Frameworks */ = {
			isa = PBXFrameworksBuildPhase;
			buildActionMask = 2147483647;
			files = (
			);
			runOnlyForDeploymentPostprocessing = 0;
		};
/* End PBXFrameworksBuildPhase section */

/* Begin PBXGroup section */
		8306190827D4E6A9002EBDC4 /* ViewControllers */ = {
			isa = PBXGroup;
			children = (
				835CFA0927BF8825004B6BD6 /* ProfileViewController.swift */,
				8306190627D4E6A4002EBDC4 /* ConversationsListViewController.swift */,
				8306191127D66807002EBDC4 /* ConversationViewController.swift */,
				8316D19527DE089500CBB75D /* ThemesViewController.swift */,
			);
			path = ViewControllers;
			sourceTree = "<group>";
		};
		8306190B27D4E88B002EBDC4 /* Views */ = {
			isa = PBXGroup;
			children = (
				8306190927D4E883002EBDC4 /* ConversationTableViewCell.swift */,
				83FDCF1627D8E66600F2E410 /* RightTableViewCell.swift */,
				83FDCF1827D8E67600F2E410 /* LeftTableViewCell.swift */,
				8352DD0427DF482C002A05A8 /* ThemeTableViewCell.swift */,
			);
			path = Views;
			sourceTree = "<group>";
		};
		8306190E27D61490002EBDC4 /* Models */ = {
			isa = PBXGroup;
			children = (
				8306190C27D6148C002EBDC4 /* Model.swift */,
			);
			path = Models;
			sourceTree = "<group>";
		};
		835CF9F927BF8825004B6BD6 = {
			isa = PBXGroup;
			children = (
				835CFA0427BF8825004B6BD6 /* ChatAppHussyR */,
				835CFA0327BF8825004B6BD6 /* Products */,
			);
			sourceTree = "<group>";
		};
		835CFA0327BF8825004B6BD6 /* Products */ = {
			isa = PBXGroup;
			children = (
				835CFA0227BF8825004B6BD6 /* ChatAppHussyR.app */,
			);
			name = Products;
			sourceTree = "<group>";
		};
		835CFA0427BF8825004B6BD6 /* ChatAppHussyR */ = {
			isa = PBXGroup;
			children = (
				835CFA0527BF8825004B6BD6 /* AppDelegate.swift */,
				8306190E27D61490002EBDC4 /* Models */,
				8306190B27D4E88B002EBDC4 /* Views */,
				8306190827D4E6A9002EBDC4 /* ViewControllers */,
				835CFA0E27BF8827004B6BD6 /* Assets.xcassets */,
				835CFA1027BF8827004B6BD6 /* LaunchScreen.storyboard */,
				835CFA1327BF8827004B6BD6 /* Info.plist */,
			);
			path = ChatAppHussyR;
			sourceTree = "<group>";
		};
/* End PBXGroup section */

/* Begin PBXNativeTarget section */
		835CFA0127BF8825004B6BD6 /* ChatAppHussyR */ = {
			isa = PBXNativeTarget;
			buildConfigurationList = 835CFA1627BF8827004B6BD6 /* Build configuration list for PBXNativeTarget "ChatAppHussyR" */;
			buildPhases = (
				835CF9FE27BF8825004B6BD6 /* Sources */,
				835CF9FF27BF8825004B6BD6 /* Frameworks */,
				835CFA0027BF8825004B6BD6 /* Resources */,
			);
			buildRules = (
			);
			dependencies = (
			);
			name = ChatAppHussyR;
			productName = ChatAppHussyR;
			productReference = 835CFA0227BF8825004B6BD6 /* ChatAppHussyR.app */;
			productType = "com.apple.product-type.application";
		};
/* End PBXNativeTarget section */

/* Begin PBXProject section */
		835CF9FA27BF8825004B6BD6 /* Project object */ = {
			isa = PBXProject;
			attributes = {
				BuildIndependentTargetsInParallel = 1;
				LastSwiftUpdateCheck = 1320;
				LastUpgradeCheck = 1320;
				TargetAttributes = {
					835CFA0127BF8825004B6BD6 = {
						CreatedOnToolsVersion = 13.2.1;
					};
				};
			};
			buildConfigurationList = 835CF9FD27BF8825004B6BD6 /* Build configuration list for PBXProject "ChatAppHussyR" */;
			compatibilityVersion = "Xcode 13.0";
			developmentRegion = en;
			hasScannedForEncodings = 0;
			knownRegions = (
				en,
				Base,
			);
			mainGroup = 835CF9F927BF8825004B6BD6;
			productRefGroup = 835CFA0327BF8825004B6BD6 /* Products */;
			projectDirPath = "";
			projectRoot = "";
			targets = (
				835CFA0127BF8825004B6BD6 /* ChatAppHussyR */,
			);
		};
/* End PBXProject section */

/* Begin PBXResourcesBuildPhase section */
		835CFA0027BF8825004B6BD6 /* Resources */ = {
			isa = PBXResourcesBuildPhase;
			buildActionMask = 2147483647;
			files = (
				835CFA1227BF8827004B6BD6 /* LaunchScreen.storyboard in Resources */,
				835CFA0F27BF8827004B6BD6 /* Assets.xcassets in Resources */,
			);
			runOnlyForDeploymentPostprocessing = 0;
		};
/* End PBXResourcesBuildPhase section */

/* Begin PBXSourcesBuildPhase section */
		835CF9FE27BF8825004B6BD6 /* Sources */ = {
			isa = PBXSourcesBuildPhase;
			buildActionMask = 2147483647;
			files = (
				8306190D27D6148C002EBDC4 /* Model.swift in Sources */,
				8306190A27D4E883002EBDC4 /* ConversationTableViewCell.swift in Sources */,
				8306191227D66807002EBDC4 /* ConversationViewController.swift in Sources */,
				8352DD0527DF482C002A05A8 /* ThemeTableViewCell.swift in Sources */,
				83FDCF1927D8E67600F2E410 /* LeftTableViewCell.swift in Sources */,
				83FDCF1727D8E66600F2E410 /* RightTableViewCell.swift in Sources */,
				835CFA0A27BF8825004B6BD6 /* ProfileViewController.swift in Sources */,
				835CFA0627BF8825004B6BD6 /* AppDelegate.swift in Sources */,
				8306190727D4E6A4002EBDC4 /* ConversationsListViewController.swift in Sources */,
				8316D19627DE089500CBB75D /* ThemesViewController.swift in Sources */,
			);
			runOnlyForDeploymentPostprocessing = 0;
		};
/* End PBXSourcesBuildPhase section */

/* Begin PBXVariantGroup section */
		835CFA1027BF8827004B6BD6 /* LaunchScreen.storyboard */ = {
			isa = PBXVariantGroup;
			children = (
				835CFA1127BF8827004B6BD6 /* Base */,
			);
			name = LaunchScreen.storyboard;
			sourceTree = "<group>";
		};
/* End PBXVariantGroup section */

/* Begin XCBuildConfiguration section */
		835CFA1427BF8827004B6BD6 /* Debug */ = {
			isa = XCBuildConfiguration;
			buildSettings = {
				ALWAYS_SEARCH_USER_PATHS = NO;
				CLANG_ANALYZER_NONNULL = YES;
				CLANG_ANALYZER_NUMBER_OBJECT_CONVERSION = YES_AGGRESSIVE;
				CLANG_CXX_LANGUAGE_STANDARD = "gnu++17";
				CLANG_CXX_LIBRARY = "libc++";
				CLANG_ENABLE_MODULES = YES;
				CLANG_ENABLE_OBJC_ARC = YES;
				CLANG_ENABLE_OBJC_WEAK = YES;
				CLANG_WARN_BLOCK_CAPTURE_AUTORELEASING = YES;
				CLANG_WARN_BOOL_CONVERSION = YES;
				CLANG_WARN_COMMA = YES;
				CLANG_WARN_CONSTANT_CONVERSION = YES;
				CLANG_WARN_DEPRECATED_OBJC_IMPLEMENTATIONS = YES;
				CLANG_WARN_DIRECT_OBJC_ISA_USAGE = YES_ERROR;
				CLANG_WARN_DOCUMENTATION_COMMENTS = YES;
				CLANG_WARN_EMPTY_BODY = YES;
				CLANG_WARN_ENUM_CONVERSION = YES;
				CLANG_WARN_INFINITE_RECURSION = YES;
				CLANG_WARN_INT_CONVERSION = YES;
				CLANG_WARN_NON_LITERAL_NULL_CONVERSION = YES;
				CLANG_WARN_OBJC_IMPLICIT_RETAIN_SELF = YES;
				CLANG_WARN_OBJC_LITERAL_CONVERSION = YES;
				CLANG_WARN_OBJC_ROOT_CLASS = YES_ERROR;
				CLANG_WARN_QUOTED_INCLUDE_IN_FRAMEWORK_HEADER = YES;
				CLANG_WARN_RANGE_LOOP_ANALYSIS = YES;
				CLANG_WARN_STRICT_PROTOTYPES = YES;
				CLANG_WARN_SUSPICIOUS_MOVE = YES;
				CLANG_WARN_UNGUARDED_AVAILABILITY = YES_AGGRESSIVE;
				CLANG_WARN_UNREACHABLE_CODE = YES;
				CLANG_WARN__DUPLICATE_METHOD_MATCH = YES;
				COPY_PHASE_STRIP = NO;
				DEBUG_INFORMATION_FORMAT = dwarf;
				ENABLE_STRICT_OBJC_MSGSEND = YES;
				ENABLE_TESTABILITY = YES;
				GCC_C_LANGUAGE_STANDARD = gnu11;
				GCC_DYNAMIC_NO_PIC = NO;
				GCC_NO_COMMON_BLOCKS = YES;
				GCC_OPTIMIZATION_LEVEL = 0;
				GCC_PREPROCESSOR_DEFINITIONS = (
					"DEBUG=1",
					"$(inherited)",
				);
				GCC_WARN_64_TO_32_BIT_CONVERSION = YES;
				GCC_WARN_ABOUT_RETURN_TYPE = YES_ERROR;
				GCC_WARN_UNDECLARED_SELECTOR = YES;
				GCC_WARN_UNINITIALIZED_AUTOS = YES_AGGRESSIVE;
				GCC_WARN_UNUSED_FUNCTION = YES;
				GCC_WARN_UNUSED_VARIABLE = YES;
				IPHONEOS_DEPLOYMENT_TARGET = 15.2;
				MTL_ENABLE_DEBUG_INFO = INCLUDE_SOURCE;
				MTL_FAST_MATH = YES;
				ONLY_ACTIVE_ARCH = YES;
				SDKROOT = iphoneos;
				SWIFT_ACTIVE_COMPILATION_CONDITIONS = DEBUG;
				SWIFT_OPTIMIZATION_LEVEL = "-Onone";
			};
			name = Debug;
		};
		835CFA1527BF8827004B6BD6 /* Release */ = {
			isa = XCBuildConfiguration;
			buildSettings = {
				ALWAYS_SEARCH_USER_PATHS = NO;
				CLANG_ANALYZER_NONNULL = YES;
				CLANG_ANALYZER_NUMBER_OBJECT_CONVERSION = YES_AGGRESSIVE;
				CLANG_CXX_LANGUAGE_STANDARD = "gnu++17";
				CLANG_CXX_LIBRARY = "libc++";
				CLANG_ENABLE_MODULES = YES;
				CLANG_ENABLE_OBJC_ARC = YES;
				CLANG_ENABLE_OBJC_WEAK = YES;
				CLANG_WARN_BLOCK_CAPTURE_AUTORELEASING = YES;
				CLANG_WARN_BOOL_CONVERSION = YES;
				CLANG_WARN_COMMA = YES;
				CLANG_WARN_CONSTANT_CONVERSION = YES;
				CLANG_WARN_DEPRECATED_OBJC_IMPLEMENTATIONS = YES;
				CLANG_WARN_DIRECT_OBJC_ISA_USAGE = YES_ERROR;
				CLANG_WARN_DOCUMENTATION_COMMENTS = YES;
				CLANG_WARN_EMPTY_BODY = YES;
				CLANG_WARN_ENUM_CONVERSION = YES;
				CLANG_WARN_INFINITE_RECURSION = YES;
				CLANG_WARN_INT_CONVERSION = YES;
				CLANG_WARN_NON_LITERAL_NULL_CONVERSION = YES;
				CLANG_WARN_OBJC_IMPLICIT_RETAIN_SELF = YES;
				CLANG_WARN_OBJC_LITERAL_CONVERSION = YES;
				CLANG_WARN_OBJC_ROOT_CLASS = YES_ERROR;
				CLANG_WARN_QUOTED_INCLUDE_IN_FRAMEWORK_HEADER = YES;
				CLANG_WARN_RANGE_LOOP_ANALYSIS = YES;
				CLANG_WARN_STRICT_PROTOTYPES = YES;
				CLANG_WARN_SUSPICIOUS_MOVE = YES;
				CLANG_WARN_UNGUARDED_AVAILABILITY = YES_AGGRESSIVE;
				CLANG_WARN_UNREACHABLE_CODE = YES;
				CLANG_WARN__DUPLICATE_METHOD_MATCH = YES;
				COPY_PHASE_STRIP = NO;
				DEBUG_INFORMATION_FORMAT = "dwarf-with-dsym";
				ENABLE_NS_ASSERTIONS = NO;
				ENABLE_STRICT_OBJC_MSGSEND = YES;
				GCC_C_LANGUAGE_STANDARD = gnu11;
				GCC_NO_COMMON_BLOCKS = YES;
				GCC_WARN_64_TO_32_BIT_CONVERSION = YES;
				GCC_WARN_ABOUT_RETURN_TYPE = YES_ERROR;
				GCC_WARN_UNDECLARED_SELECTOR = YES;
				GCC_WARN_UNINITIALIZED_AUTOS = YES_AGGRESSIVE;
				GCC_WARN_UNUSED_FUNCTION = YES;
				GCC_WARN_UNUSED_VARIABLE = YES;
				IPHONEOS_DEPLOYMENT_TARGET = 15.2;
				MTL_ENABLE_DEBUG_INFO = NO;
				MTL_FAST_MATH = YES;
				SDKROOT = iphoneos;
				SWIFT_COMPILATION_MODE = wholemodule;
				SWIFT_OPTIMIZATION_LEVEL = "-O";
				VALIDATE_PRODUCT = YES;
			};
			name = Release;
		};
		835CFA1727BF8827004B6BD6 /* Debug */ = {
			isa = XCBuildConfiguration;
			buildSettings = {
				ASSETCATALOG_COMPILER_APPICON_NAME = AppIcon;
				ASSETCATALOG_COMPILER_GLOBAL_ACCENT_COLOR_NAME = AccentColor;
				CODE_SIGN_STYLE = Automatic;
				CURRENT_PROJECT_VERSION = 1;
				DEVELOPMENT_TEAM = DK8A94C3H5;
				GENERATE_INFOPLIST_FILE = YES;
				INFOPLIST_FILE = ChatAppHussyR/Info.plist;
				INFOPLIST_KEY_UIApplicationSupportsIndirectInputEvents = YES;
				INFOPLIST_KEY_UILaunchStoryboardName = LaunchScreen;
				INFOPLIST_KEY_UISupportedInterfaceOrientations = UIInterfaceOrientationPortrait;
				INFOPLIST_KEY_UISupportedInterfaceOrientations_iPad = "UIInterfaceOrientationPortrait UIInterfaceOrientationPortraitUpsideDown UIInterfaceOrientationLandscapeLeft UIInterfaceOrientationLandscapeRight";
				INFOPLIST_KEY_UISupportedInterfaceOrientations_iPhone = "UIInterfaceOrientationPortrait UIInterfaceOrientationLandscapeLeft UIInterfaceOrientationLandscapeRight";
				INFOPLIST_KEY_UIUserInterfaceStyle = Light;
				IPHONEOS_DEPLOYMENT_TARGET = 13.0;
				LD_RUNPATH_SEARCH_PATHS = (
					"$(inherited)",
					"@executable_path/Frameworks",
				);
				MARKETING_VERSION = 1.0;
				OTHER_SWIFT_FLAGS = "";
				PRODUCT_BUNDLE_IDENTIFIER = com.company.ChatAppHussyR;
				PRODUCT_NAME = "$(TARGET_NAME)";
				SWIFT_EMIT_LOC_STRINGS = YES;
				SWIFT_VERSION = 5.0;
				TARGETED_DEVICE_FAMILY = "1,2";
			};
			name = Debug;
		};
		835CFA1827BF8827004B6BD6 /* Release */ = {
			isa = XCBuildConfiguration;
			buildSettings = {
				ASSETCATALOG_COMPILER_APPICON_NAME = AppIcon;
				ASSETCATALOG_COMPILER_GLOBAL_ACCENT_COLOR_NAME = AccentColor;
				CODE_SIGN_STYLE = Automatic;
				CURRENT_PROJECT_VERSION = 1;
				DEVELOPMENT_TEAM = DK8A94C3H5;
				GENERATE_INFOPLIST_FILE = YES;
				INFOPLIST_FILE = ChatAppHussyR/Info.plist;
				INFOPLIST_KEY_UIApplicationSupportsIndirectInputEvents = YES;
				INFOPLIST_KEY_UILaunchStoryboardName = LaunchScreen;
				INFOPLIST_KEY_UISupportedInterfaceOrientations = UIInterfaceOrientationPortrait;
				INFOPLIST_KEY_UISupportedInterfaceOrientations_iPad = "UIInterfaceOrientationPortrait UIInterfaceOrientationPortraitUpsideDown UIInterfaceOrientationLandscapeLeft UIInterfaceOrientationLandscapeRight";
				INFOPLIST_KEY_UISupportedInterfaceOrientations_iPhone = "UIInterfaceOrientationPortrait UIInterfaceOrientationLandscapeLeft UIInterfaceOrientationLandscapeRight";
				INFOPLIST_KEY_UIUserInterfaceStyle = Light;
				IPHONEOS_DEPLOYMENT_TARGET = 13.0;
				LD_RUNPATH_SEARCH_PATHS = (
					"$(inherited)",
					"@executable_path/Frameworks",
				);
				MARKETING_VERSION = 1.0;
				OTHER_SWIFT_FLAGS = "";
				PRODUCT_BUNDLE_IDENTIFIER = com.company.ChatAppHussyR;
				PRODUCT_NAME = "$(TARGET_NAME)";
				SWIFT_EMIT_LOC_STRINGS = YES;
				SWIFT_VERSION = 5.0;
				TARGETED_DEVICE_FAMILY = "1,2";
			};
			name = Release;
		};
/* End XCBuildConfiguration section */

/* Begin XCConfigurationList section */
		835CF9FD27BF8825004B6BD6 /* Build configuration list for PBXProject "ChatAppHussyR" */ = {
			isa = XCConfigurationList;
			buildConfigurations = (
				835CFA1427BF8827004B6BD6 /* Debug */,
				835CFA1527BF8827004B6BD6 /* Release */,
			);
			defaultConfigurationIsVisible = 0;
			defaultConfigurationName = Release;
		};
		835CFA1627BF8827004B6BD6 /* Build configuration list for PBXNativeTarget "ChatAppHussyR" */ = {
			isa = XCConfigurationList;
			buildConfigurations = (
				835CFA1727BF8827004B6BD6 /* Debug */,
				835CFA1827BF8827004B6BD6 /* Release */,
			);
			defaultConfigurationIsVisible = 0;
			defaultConfigurationName = Release;
		};
/* End XCConfigurationList section */
	};
	rootObject = 835CF9FA27BF8825004B6BD6 /* Project object */;
}
